
Microsoft Visual Studio Solution File, Format Version 12.00
# Visual Studio 2017
Project("{FAE04EC0-301F-11D3-BF4B-00C04F79EFBC}") = "Indie WAR", "Indie WAR.csproj", "{78C7DF3C-A392-CF6B-A587-37780B61A011}"
EndProject
Global
	GlobalSection(SolutionConfigurationPlatforms) = preSolution
		Debug|Any CPU = Debug|Any CPU
		Release|Any CPU = Release|Any CPU
	EndGlobalSection
	GlobalSection(ProjectConfigurationPlatforms) = postSolution
		{78C7DF3C-A392-CF6B-A587-37780B61A011}.Debug|Any CPU.ActiveCfg = Debug|Any CPU
		{78C7DF3C-A392-CF6B-A587-37780B61A011}.Debug|Any CPU.Build.0 = Debug|Any CPU
		{78C7DF3C-A392-CF6B-A587-37780B61A011}.Release|Any CPU.ActiveCfg = Release|Any CPU
		{78C7DF3C-A392-CF6B-A587-37780B61A011}.Release|Any CPU.Build.0 = Release|Any CPU
	EndGlobalSection
	GlobalSection(SolutionProperties) = preSolution
		HideSolutionNode = FALSE
	EndGlobalSection
EndGlobal
